{
  "nodes": {
    "disk-utilities-src": {
      "flake": false,
      "locked": {
        "lastModified": 1728280902,
        "narHash": "sha256-t+xXSZRegUNX6n/U/UVufWT3+1HtlYtrKy9X1tJTtog=",
        "owner": "keirf",
        "repo": "disk-utilities",
        "rev": "21aeb4423957098d49ee5d0aec80b7e541e3eef5",
        "type": "github"
      },
      "original": {
        "owner": "keirf",
        "repo": "disk-utilities",
        "type": "github"
      }
    },
    "flake-utils": {
      "inputs": {
        "systems": "systems"
      },
      "locked": {
        "lastModified": 1731533236,
        "narHash": "sha256-l0KFg5HjrsfsO/JpG+r7fRrqm12kzFHyUHqHCVpMMbI=",
        "owner": "numtide",
        "repo": "flake-utils",
        "rev": "11707dc2f618dd54ca8739b309ec4fc024de578b",
        "type": "github"
      },
      "original": {
        "owner": "numtide",
        "repo": "flake-utils",
        "type": "github"
      }
    },
    "ipflib": {
      "inputs": {
        "flake-utils": [
          "flake-utils"
        ],
        "ipflib-src": "ipflib-src",
        "nixpkgs": [
          "nixpkgs"
        ]
      },
      "locked": {
        "lastModified": 1716738925,
        "narHash": "sha256-EpYMv1OIeAN6sKo6r91abilbtPJeZSs9liwsHr+CPj8=",
        "owner": "grumnix",
        "repo": "ipflib",
        "rev": "ab929be4e5d47dc78e1faa0c1092bfbb5e14cdd8",
        "type": "github"
      },
      "original": {
        "owner": "grumnix",
        "repo": "ipflib",
        "type": "github"
      }
    },
    "ipflib-src": {
      "flake": false,
      "locked": {
        "lastModified": 1673026648,
        "narHash": "sha256-nDFdIo55T9cNntEY42vga8SfzQPWb90yQD2K+nGXvCk=",
        "type": "tarball",
        "url": "http://www.softpres.org/_media/files:ipflib42_linux-x86_64.tar.gz?cache=cache&id=download"
      },
      "original": {
        "type": "tarball",
        "url": "http://www.softpres.org/_media/files:ipflib42_linux-x86_64.tar.gz?cache=cache&id=download"
      }
    },
    "nixpkgs": {
      "locked": {
        "lastModified": 1731755305,
        "narHash": "sha256-v5P3dk5JdiT+4x69ZaB18B8+Rcu3TIOrcdG4uEX7WZ8=",
        "owner": "NixOS",
        "repo": "nixpkgs",
        "rev": "057f63b6dc1a2c67301286152eb5af20747a9cb4",
        "type": "github"
      },
      "original": {
        "owner": "NixOS",
        "ref": "nixos-24.11",
        "repo": "nixpkgs",
        "type": "github"
      }
    },
    "root": {
      "inputs": {
        "disk-utilities-src": "disk-utilities-src",
        "flake-utils": "flake-utils",
        "ipflib": "ipflib",
        "nixpkgs": "nixpkgs"
      }
    },
    "systems": {
      "locked": {
        "lastModified": 1681028828,
        "narHash": "sha256-Vy1rq5AaRuLzOxct8nz4T6wlgyUR7zLU309k9mBC768=",
        "owner": "nix-systems",
        "repo": "default",
        "rev": "da67096a3b9bf56a91d16901293e51ba5b49a27e",
        "type": "github"
      },
      "original": {
        "owner": "nix-systems",
        "repo": "default",
        "type": "github"
      }
    }
  },
  "root": "root",
  "version": 7
}
