{
  "nodes": {
    "disk-utilities-src": {
      "flake": false,
      "locked": {
        "lastModified": 1642493376,
        "narHash": "sha256-TCfMN5IBWxQMNBlNlutFF53jTEixa/Ei4m3mPqf1AHg=",
        "owner": "keirf",
        "repo": "disk-utilities",
        "rev": "4f92336509243e8aed389ceeaff88de283251e6e",
        "type": "github"
      },
      "original": {
        "owner": "keirf",
        "repo": "disk-utilities",
        "type": "github"
      }
    },
    "flake-utils": {
      "locked": {
        "lastModified": 1638122382,
        "narHash": "sha256-sQzZzAbvKEqN9s0bzWuYmRaA03v40gaJ4+iL1LXjaeI=",
        "owner": "numtide",
        "repo": "flake-utils",
        "rev": "74f7e4319258e287b0f9cb95426c9853b282730b",
        "type": "github"
      },
      "original": {
        "owner": "numtide",
        "repo": "flake-utils",
        "type": "github"
      }
    },
    "ipflib-src": {
      "flake": false,
      "locked": {
        "narHash": "sha256-nDFdIo55T9cNntEY42vga8SfzQPWb90yQD2K+nGXvCk=",
        "type": "tarball",
        "url": "http://www.softpres.org/_media/files:ipflib42_linux-x86_64.tar.gz?cache=cache&id=download"
      },
      "original": {
        "type": "tarball",
        "url": "http://www.softpres.org/_media/files:ipflib42_linux-x86_64.tar.gz?cache=cache&id=download"
      }
    },
    "lowdown-src": {
      "flake": false,
      "locked": {
        "lastModified": 1633514407,
        "narHash": "sha256-Dw32tiMjdK9t3ETl5fzGrutQTzh2rufgZV4A/BbxuD4=",
        "owner": "kristapsdz",
        "repo": "lowdown",
        "rev": "d2c2b44ff6c27b936ec27358a2653caaef8f73b8",
        "type": "github"
      },
      "original": {
        "owner": "kristapsdz",
        "repo": "lowdown",
        "type": "github"
      }
    },
    "nix": {
      "inputs": {
        "lowdown-src": "lowdown-src",
        "nixpkgs": [
          "nixpkgs"
        ]
      },
      "locked": {
        "lastModified": 1640266044,
        "narHash": "sha256-+uPOPe6LSczHWyNuDeCnCr98UTKzOTMZ4f0fbNJjdLY=",
        "owner": "NixOS",
        "repo": "nix",
        "rev": "af553b20902b8b8efbccab5f880879b09e95eb32",
        "type": "github"
      },
      "original": {
        "id": "nix",
        "type": "indirect"
      }
    },
    "nixpkgs": {
      "locked": {
        "lastModified": 1640362186,
        "narHash": "sha256-u2vwVcd1I5+bC5jKVLpb17ZbPnUC2dPWgB/a03YRZFU=",
        "owner": "nixos",
        "repo": "nixpkgs",
        "rev": "e4412ac27313089a058aa70c309513f52cde2c09",
        "type": "github"
      },
      "original": {
        "owner": "nixos",
        "repo": "nixpkgs",
        "type": "github"
      }
    },
    "root": {
      "inputs": {
        "disk-utilities-src": "disk-utilities-src",
        "flake-utils": "flake-utils",
        "ipflib-src": "ipflib-src",
        "nix": "nix",
        "nixpkgs": "nixpkgs"
      }
    }
  },
  "root": "root",
  "version": 7
}
